
Microsoft Visual Studio Solution File, Format Version 12.00
# Visual Studio Version 17
VisualStudioVersion = 17.0.31912.275
MinimumVisualStudioVersion = 10.0.40219.1
Project("{FAE04EC0-301F-11D3-BF4B-00C04F79EFBC}") = "PokerCardGame", "PokerCardGame\PokerCardGame.csproj", "{15809159-8BB1-425A-9025-90BB38BEB2E5}"
EndProject
Global
	GlobalSection(SolutionConfigurationPlatforms) = preSolution
		Debug|Any CPU = Debug|Any CPU
		Release|Any CPU = Release|Any CPU
	EndGlobalSection
	GlobalSection(ProjectConfigurationPlatforms) = postSolution
		{15809159-8BB1-425A-9025-90BB38BEB2E5}.Debug|Any CPU.ActiveCfg = Debug|Any CPU
		{15809159-8BB1-425A-9025-90BB38BEB2E5}.Debug|Any CPU.Build.0 = Debug|Any CPU
		{15809159-8BB1-425A-9025-90BB38BEB2E5}.Release|Any CPU.ActiveCfg = Release|Any CPU
		{15809159-8BB1-425A-9025-90BB38BEB2E5}.Release|Any CPU.Build.0 = Release|Any CPU
	EndGlobalSection
	GlobalSection(SolutionProperties) = preSolution
		HideSolutionNode = FALSE
	EndGlobalSection
	GlobalSection(ExtensibilityGlobals) = postSolution
		SolutionGuid = {E8706F2C-AC76-4FA2-8719-BF27D7AE294E}
	EndGlobalSection
EndGlobal
